
Microsoft Visual Studio Solution File, Format Version 12.00
# Visual Studio Version 17
VisualStudioVersion = 17.7.34018.315
MinimumVisualStudioVersion = 10.0.40219.1
Project("{FAE04EC0-301F-11D3-BF4B-00C04F79EFBC}") = "HostUOW", "HostUOW\HostUOW.csproj", "{378D7CF9-E403-4209-A4CD-BAA078B3ECDD}"
EndProject
Project("{FAE04EC0-301F-11D3-BF4B-00C04F79EFBC}") = "ModelUOW", "ModelUOW\ModelUOW.csproj", "{98012BA6-2A1D-4727-BE30-B7208953CEB7}"
EndProject
Project("{FAE04EC0-301F-11D3-BF4B-00C04F79EFBC}") = "UOWInfa", "UOWInfa\UOWInfa.csproj", "{42BAF5A7-0F17-482E-A33F-FBF20EAB5DCB}"
EndProject
Project("{FAE04EC0-301F-11D3-BF4B-00C04F79EFBC}") = "HostUOWCore", "HostUOWCore\HostUOWCore.csproj", "{DDE0BD50-2B52-4366-A48B-2EB9DF45025D}"
EndProject
Project("{FAE04EC0-301F-11D3-BF4B-00C04F79EFBC}") = "UOWService", "UOWService\UOWService.csproj", "{896AD9F2-30CE-4A06-8456-1C7F61E1E30E}"
EndProject
Global
	GlobalSection(SolutionConfigurationPlatforms) = preSolution
		Debug|Any CPU = Debug|Any CPU
		Release|Any CPU = Release|Any CPU
	EndGlobalSection
	GlobalSection(ProjectConfigurationPlatforms) = postSolution
		{378D7CF9-E403-4209-A4CD-BAA078B3ECDD}.Debug|Any CPU.ActiveCfg = Debug|Any CPU
		{378D7CF9-E403-4209-A4CD-BAA078B3ECDD}.Debug|Any CPU.Build.0 = Debug|Any CPU
		{378D7CF9-E403-4209-A4CD-BAA078B3ECDD}.Release|Any CPU.ActiveCfg = Release|Any CPU
		{378D7CF9-E403-4209-A4CD-BAA078B3ECDD}.Release|Any CPU.Build.0 = Release|Any CPU
		{98012BA6-2A1D-4727-BE30-B7208953CEB7}.Debug|Any CPU.ActiveCfg = Debug|Any CPU
		{98012BA6-2A1D-4727-BE30-B7208953CEB7}.Debug|Any CPU.Build.0 = Debug|Any CPU
		{98012BA6-2A1D-4727-BE30-B7208953CEB7}.Release|Any CPU.ActiveCfg = Release|Any CPU
		{98012BA6-2A1D-4727-BE30-B7208953CEB7}.Release|Any CPU.Build.0 = Release|Any CPU
		{42BAF5A7-0F17-482E-A33F-FBF20EAB5DCB}.Debug|Any CPU.ActiveCfg = Debug|Any CPU
		{42BAF5A7-0F17-482E-A33F-FBF20EAB5DCB}.Debug|Any CPU.Build.0 = Debug|Any CPU
		{42BAF5A7-0F17-482E-A33F-FBF20EAB5DCB}.Release|Any CPU.ActiveCfg = Release|Any CPU
		{42BAF5A7-0F17-482E-A33F-FBF20EAB5DCB}.Release|Any CPU.Build.0 = Release|Any CPU
		{DDE0BD50-2B52-4366-A48B-2EB9DF45025D}.Debug|Any CPU.ActiveCfg = Debug|Any CPU
		{DDE0BD50-2B52-4366-A48B-2EB9DF45025D}.Debug|Any CPU.Build.0 = Debug|Any CPU
		{DDE0BD50-2B52-4366-A48B-2EB9DF45025D}.Release|Any CPU.ActiveCfg = Release|Any CPU
		{DDE0BD50-2B52-4366-A48B-2EB9DF45025D}.Release|Any CPU.Build.0 = Release|Any CPU
		{896AD9F2-30CE-4A06-8456-1C7F61E1E30E}.Debug|Any CPU.ActiveCfg = Debug|Any CPU
		{896AD9F2-30CE-4A06-8456-1C7F61E1E30E}.Debug|Any CPU.Build.0 = Debug|Any CPU
		{896AD9F2-30CE-4A06-8456-1C7F61E1E30E}.Release|Any CPU.ActiveCfg = Release|Any CPU
		{896AD9F2-30CE-4A06-8456-1C7F61E1E30E}.Release|Any CPU.Build.0 = Release|Any CPU
	EndGlobalSection
	GlobalSection(SolutionProperties) = preSolution
		HideSolutionNode = FALSE
	EndGlobalSection
	GlobalSection(ExtensibilityGlobals) = postSolution
		SolutionGuid = {87693918-960F-402A-A1DE-3BAA3E49E257}
	EndGlobalSection
EndGlobal
